
Microsoft Visual Studio Solution File, Format Version 12.00
# Visual Studio Version 17
VisualStudioVersion = 17.2.32526.322
MinimumVisualStudioVersion = 10.0.40219.1
Project("{FAE04EC0-301F-11D3-BF4B-00C04F79EFBC}") = "Erdniev3_35", "Erdniev3_35\Erdniev3_35.csproj", "{5D1D002D-7EDD-4AE0-8448-EFBF5C774BF4}"
EndProject
Global
	GlobalSection(SolutionConfigurationPlatforms) = preSolution
		Debug|Any CPU = Debug|Any CPU
		Release|Any CPU = Release|Any CPU
	EndGlobalSection
	GlobalSection(ProjectConfigurationPlatforms) = postSolution
		{5D1D002D-7EDD-4AE0-8448-EFBF5C774BF4}.Debug|Any CPU.ActiveCfg = Debug|Any CPU
		{5D1D002D-7EDD-4AE0-8448-EFBF5C774BF4}.Debug|Any CPU.Build.0 = Debug|Any CPU
		{5D1D002D-7EDD-4AE0-8448-EFBF5C774BF4}.Release|Any CPU.ActiveCfg = Release|Any CPU
		{5D1D002D-7EDD-4AE0-8448-EFBF5C774BF4}.Release|Any CPU.Build.0 = Release|Any CPU
	EndGlobalSection
	GlobalSection(SolutionProperties) = preSolution
		HideSolutionNode = FALSE
	EndGlobalSection
	GlobalSection(ExtensibilityGlobals) = postSolution
		SolutionGuid = {4EE89435-980A-4097-A5A6-6B897050825F}
	EndGlobalSection
EndGlobal
